
Microsoft Visual Studio Solution File, Format Version 12.00
# Visual Studio Version 17
VisualStudioVersion = 17.2.32616.157
MinimumVisualStudioVersion = 10.0.40219.1
Project("{9A19103F-16F7-4668-BE54-9A1E7A4F7556}") = "Task3", "Task3\Task3.csproj", "{871FC675-0BB8-47F5-947E-7C30C9C21B2B}"
EndProject
Project("{9A19103F-16F7-4668-BE54-9A1E7A4F7556}") = "Task4", "Task4\Task4.csproj", "{6C264904-B66A-4162-865F-DBCBB16727E2}"
EndProject
Project("{9A19103F-16F7-4668-BE54-9A1E7A4F7556}") = "Task5", "Task5\Task5.csproj", "{301ACC16-CAFB-4EFB-8A1D-F4E34641D7C8}"
EndProject
Project("{9A19103F-16F7-4668-BE54-9A1E7A4F7556}") = "Task6", "Task6\Task6.csproj", "{D0163F41-A52A-4E41-AFFC-6A4528B476E9}"
EndProject
Project("{FAE04EC0-301F-11D3-BF4B-00C04F79EFBC}") = "Task7", "Task7\Task7.csproj", "{E7CE33E1-BDA4-4DB5-A9AB-03B8D681CE7C}"
EndProject
Global
	GlobalSection(SolutionConfigurationPlatforms) = preSolution
		Debug|Any CPU = Debug|Any CPU
		Release|Any CPU = Release|Any CPU
	EndGlobalSection
	GlobalSection(ProjectConfigurationPlatforms) = postSolution
		{871FC675-0BB8-47F5-947E-7C30C9C21B2B}.Debug|Any CPU.ActiveCfg = Debug|Any CPU
		{871FC675-0BB8-47F5-947E-7C30C9C21B2B}.Debug|Any CPU.Build.0 = Debug|Any CPU
		{871FC675-0BB8-47F5-947E-7C30C9C21B2B}.Release|Any CPU.ActiveCfg = Release|Any CPU
		{871FC675-0BB8-47F5-947E-7C30C9C21B2B}.Release|Any CPU.Build.0 = Release|Any CPU
		{6C264904-B66A-4162-865F-DBCBB16727E2}.Debug|Any CPU.ActiveCfg = Debug|Any CPU
		{6C264904-B66A-4162-865F-DBCBB16727E2}.Debug|Any CPU.Build.0 = Debug|Any CPU
		{6C264904-B66A-4162-865F-DBCBB16727E2}.Release|Any CPU.ActiveCfg = Release|Any CPU
		{6C264904-B66A-4162-865F-DBCBB16727E2}.Release|Any CPU.Build.0 = Release|Any CPU
		{301ACC16-CAFB-4EFB-8A1D-F4E34641D7C8}.Debug|Any CPU.ActiveCfg = Debug|Any CPU
		{301ACC16-CAFB-4EFB-8A1D-F4E34641D7C8}.Debug|Any CPU.Build.0 = Debug|Any CPU
		{301ACC16-CAFB-4EFB-8A1D-F4E34641D7C8}.Release|Any CPU.ActiveCfg = Release|Any CPU
		{301ACC16-CAFB-4EFB-8A1D-F4E34641D7C8}.Release|Any CPU.Build.0 = Release|Any CPU
		{D0163F41-A52A-4E41-AFFC-6A4528B476E9}.Debug|Any CPU.ActiveCfg = Debug|Any CPU
		{D0163F41-A52A-4E41-AFFC-6A4528B476E9}.Debug|Any CPU.Build.0 = Debug|Any CPU
		{D0163F41-A52A-4E41-AFFC-6A4528B476E9}.Release|Any CPU.ActiveCfg = Release|Any CPU
		{D0163F41-A52A-4E41-AFFC-6A4528B476E9}.Release|Any CPU.Build.0 = Release|Any CPU
		{E7CE33E1-BDA4-4DB5-A9AB-03B8D681CE7C}.Debug|Any CPU.ActiveCfg = Debug|Any CPU
		{E7CE33E1-BDA4-4DB5-A9AB-03B8D681CE7C}.Debug|Any CPU.Build.0 = Debug|Any CPU
		{E7CE33E1-BDA4-4DB5-A9AB-03B8D681CE7C}.Release|Any CPU.ActiveCfg = Release|Any CPU
		{E7CE33E1-BDA4-4DB5-A9AB-03B8D681CE7C}.Release|Any CPU.Build.0 = Release|Any CPU
	EndGlobalSection
	GlobalSection(SolutionProperties) = preSolution
		HideSolutionNode = FALSE
	EndGlobalSection
	GlobalSection(ExtensibilityGlobals) = postSolution
		SolutionGuid = {565FC647-5A49-4539-95EB-918612DFF512}
	EndGlobalSection
EndGlobal
