
Microsoft Visual Studio Solution File, Format Version 12.00
# Visual Studio Version 17
VisualStudioVersion = 17.2.32616.157
MinimumVisualStudioVersion = 10.0.40219.1
Project("{9A19103F-16F7-4668-BE54-9A1E7A4F7556}") = "Task3", "Task3\Task3.csproj", "{871FC675-0BB8-47F5-947E-7C30C9C21B2B}"
EndProject
Project("{9A19103F-16F7-4668-BE54-9A1E7A4F7556}") = "Task4", "Task4\Task4.csproj", "{6C264904-B66A-4162-865F-DBCBB16727E2}"
EndProject
Project("{9A19103F-16F7-4668-BE54-9A1E7A4F7556}") = "Task5", "Task5\Task5.csproj", "{301ACC16-CAFB-4EFB-8A1D-F4E34641D7C8}"
EndProject
Project("{9A19103F-16F7-4668-BE54-9A1E7A4F7556}") = "Task6", "Task6\Task6.csproj", "{D0163F41-A52A-4E41-AFFC-6A4528B476E9}"
EndProject
Project("{9A19103F-16F7-4668-BE54-9A1E7A4F7556}") = "Task7", "Task7\Task7.csproj", "{E7CE33E1-BDA4-4DB5-A9AB-03B8D681CE7C}"
EndProject
Project("{9A19103F-16F7-4668-BE54-9A1E7A4F7556}") = "Task8", "Task8\Task8.csproj", "{3294D972-D0E9-4480-A699-00187E9CAA35}"
EndProject
Project("{9A19103F-16F7-4668-BE54-9A1E7A4F7556}") = "Task9", "Task9\Task9.csproj", "{F7127EF8-0A24-4137-B7E3-49CD523DC84F}"
EndProject
Project("{9A19103F-16F7-4668-BE54-9A1E7A4F7556}") = "Task10", "Task10\Task10.csproj", "{8DF3B4AC-51BA-4779-9006-F835FE92FE3F}"
EndProject
Project("{FAE04EC0-301F-11D3-BF4B-00C04F79EFBC}") = "Test11", "Test11\Test11.csproj", "{E8C0DFA2-B8B5-4677-B6E5-8AA42887A452}"
EndProject
Project("{FAE04EC0-301F-11D3-BF4B-00C04F79EFBC}") = "Task12-WPF", "Task12-WPF\Task12-WPF.csproj", "{1B0EC93D-D94E-49D1-98AD-3BFFA7FA47FD}"
EndProject
Global
	GlobalSection(SolutionConfigurationPlatforms) = preSolution
		Debug|Any CPU = Debug|Any CPU
		Release|Any CPU = Release|Any CPU
	EndGlobalSection
	GlobalSection(ProjectConfigurationPlatforms) = postSolution
		{871FC675-0BB8-47F5-947E-7C30C9C21B2B}.Debug|Any CPU.ActiveCfg = Debug|Any CPU
		{871FC675-0BB8-47F5-947E-7C30C9C21B2B}.Debug|Any CPU.Build.0 = Debug|Any CPU
		{871FC675-0BB8-47F5-947E-7C30C9C21B2B}.Release|Any CPU.ActiveCfg = Release|Any CPU
		{871FC675-0BB8-47F5-947E-7C30C9C21B2B}.Release|Any CPU.Build.0 = Release|Any CPU
		{6C264904-B66A-4162-865F-DBCBB16727E2}.Debug|Any CPU.ActiveCfg = Debug|Any CPU
		{6C264904-B66A-4162-865F-DBCBB16727E2}.Debug|Any CPU.Build.0 = Debug|Any CPU
		{6C264904-B66A-4162-865F-DBCBB16727E2}.Release|Any CPU.ActiveCfg = Release|Any CPU
		{6C264904-B66A-4162-865F-DBCBB16727E2}.Release|Any CPU.Build.0 = Release|Any CPU
		{301ACC16-CAFB-4EFB-8A1D-F4E34641D7C8}.Debug|Any CPU.ActiveCfg = Debug|Any CPU
		{301ACC16-CAFB-4EFB-8A1D-F4E34641D7C8}.Debug|Any CPU.Build.0 = Debug|Any CPU
		{301ACC16-CAFB-4EFB-8A1D-F4E34641D7C8}.Release|Any CPU.ActiveCfg = Release|Any CPU
		{301ACC16-CAFB-4EFB-8A1D-F4E34641D7C8}.Release|Any CPU.Build.0 = Release|Any CPU
		{D0163F41-A52A-4E41-AFFC-6A4528B476E9}.Debug|Any CPU.ActiveCfg = Debug|Any CPU
		{D0163F41-A52A-4E41-AFFC-6A4528B476E9}.Debug|Any CPU.Build.0 = Debug|Any CPU
		{D0163F41-A52A-4E41-AFFC-6A4528B476E9}.Release|Any CPU.ActiveCfg = Release|Any CPU
		{D0163F41-A52A-4E41-AFFC-6A4528B476E9}.Release|Any CPU.Build.0 = Release|Any CPU
		{E7CE33E1-BDA4-4DB5-A9AB-03B8D681CE7C}.Debug|Any CPU.ActiveCfg = Debug|Any CPU
		{E7CE33E1-BDA4-4DB5-A9AB-03B8D681CE7C}.Debug|Any CPU.Build.0 = Debug|Any CPU
		{E7CE33E1-BDA4-4DB5-A9AB-03B8D681CE7C}.Release|Any CPU.ActiveCfg = Release|Any CPU
		{E7CE33E1-BDA4-4DB5-A9AB-03B8D681CE7C}.Release|Any CPU.Build.0 = Release|Any CPU
		{3294D972-D0E9-4480-A699-00187E9CAA35}.Debug|Any CPU.ActiveCfg = Debug|Any CPU
		{3294D972-D0E9-4480-A699-00187E9CAA35}.Debug|Any CPU.Build.0 = Debug|Any CPU
		{3294D972-D0E9-4480-A699-00187E9CAA35}.Release|Any CPU.ActiveCfg = Release|Any CPU
		{3294D972-D0E9-4480-A699-00187E9CAA35}.Release|Any CPU.Build.0 = Release|Any CPU
		{F7127EF8-0A24-4137-B7E3-49CD523DC84F}.Debug|Any CPU.ActiveCfg = Debug|Any CPU
		{F7127EF8-0A24-4137-B7E3-49CD523DC84F}.Debug|Any CPU.Build.0 = Debug|Any CPU
		{F7127EF8-0A24-4137-B7E3-49CD523DC84F}.Release|Any CPU.ActiveCfg = Release|Any CPU
		{F7127EF8-0A24-4137-B7E3-49CD523DC84F}.Release|Any CPU.Build.0 = Release|Any CPU
		{8DF3B4AC-51BA-4779-9006-F835FE92FE3F}.Debug|Any CPU.ActiveCfg = Debug|Any CPU
		{8DF3B4AC-51BA-4779-9006-F835FE92FE3F}.Debug|Any CPU.Build.0 = Debug|Any CPU
		{8DF3B4AC-51BA-4779-9006-F835FE92FE3F}.Release|Any CPU.ActiveCfg = Release|Any CPU
		{8DF3B4AC-51BA-4779-9006-F835FE92FE3F}.Release|Any CPU.Build.0 = Release|Any CPU
		{E8C0DFA2-B8B5-4677-B6E5-8AA42887A452}.Debug|Any CPU.ActiveCfg = Debug|Any CPU
		{E8C0DFA2-B8B5-4677-B6E5-8AA42887A452}.Debug|Any CPU.Build.0 = Debug|Any CPU
		{E8C0DFA2-B8B5-4677-B6E5-8AA42887A452}.Release|Any CPU.ActiveCfg = Release|Any CPU
		{E8C0DFA2-B8B5-4677-B6E5-8AA42887A452}.Release|Any CPU.Build.0 = Release|Any CPU
		{1B0EC93D-D94E-49D1-98AD-3BFFA7FA47FD}.Debug|Any CPU.ActiveCfg = Debug|Any CPU
		{1B0EC93D-D94E-49D1-98AD-3BFFA7FA47FD}.Debug|Any CPU.Build.0 = Debug|Any CPU
		{1B0EC93D-D94E-49D1-98AD-3BFFA7FA47FD}.Release|Any CPU.ActiveCfg = Release|Any CPU
		{1B0EC93D-D94E-49D1-98AD-3BFFA7FA47FD}.Release|Any CPU.Build.0 = Release|Any CPU
	EndGlobalSection
	GlobalSection(SolutionProperties) = preSolution
		HideSolutionNode = FALSE
	EndGlobalSection
	GlobalSection(ExtensibilityGlobals) = postSolution
		SolutionGuid = {565FC647-5A49-4539-95EB-918612DFF512}
	EndGlobalSection
EndGlobal
